
Microsoft Visual Studio Solution File, Format Version 12.00
# Visual Studio 2012
Project("{8BC9CEB8-8B4A-11D0-8D11-00A0C91BC942}") = "1026", "1026\1026.vcxproj", "{DA89D72F-1DBC-4AA2-81F6-251A25702663}"
EndProject
Global
	GlobalSection(SolutionConfigurationPlatforms) = preSolution
		Debug|Win32 = Debug|Win32
		Release|Win32 = Release|Win32
	EndGlobalSection
	GlobalSection(ProjectConfigurationPlatforms) = postSolution
		{DA89D72F-1DBC-4AA2-81F6-251A25702663}.Debug|Win32.ActiveCfg = Debug|Win32
		{DA89D72F-1DBC-4AA2-81F6-251A25702663}.Debug|Win32.Build.0 = Debug|Win32
		{DA89D72F-1DBC-4AA2-81F6-251A25702663}.Release|Win32.ActiveCfg = Release|Win32
		{DA89D72F-1DBC-4AA2-81F6-251A25702663}.Release|Win32.Build.0 = Release|Win32
	EndGlobalSection
	GlobalSection(SolutionProperties) = preSolution
		HideSolutionNode = FALSE
	EndGlobalSection
EndGlobal
