
Microsoft Visual Studio Solution File, Format Version 12.00
# Visual Studio 2012
Project("{8BC9CEB8-8B4A-11D0-8D11-00A0C91BC942}") = "1015", "1015\1015.vcxproj", "{2B073C38-0EC7-48D4-A3CE-4949C3C3A07C}"
EndProject
Global
	GlobalSection(SolutionConfigurationPlatforms) = preSolution
		Debug|Win32 = Debug|Win32
		Release|Win32 = Release|Win32
	EndGlobalSection
	GlobalSection(ProjectConfigurationPlatforms) = postSolution
		{2B073C38-0EC7-48D4-A3CE-4949C3C3A07C}.Debug|Win32.ActiveCfg = Debug|Win32
		{2B073C38-0EC7-48D4-A3CE-4949C3C3A07C}.Debug|Win32.Build.0 = Debug|Win32
		{2B073C38-0EC7-48D4-A3CE-4949C3C3A07C}.Release|Win32.ActiveCfg = Release|Win32
		{2B073C38-0EC7-48D4-A3CE-4949C3C3A07C}.Release|Win32.Build.0 = Release|Win32
	EndGlobalSection
	GlobalSection(SolutionProperties) = preSolution
		HideSolutionNode = FALSE
	EndGlobalSection
EndGlobal
