
Microsoft Visual Studio Solution File, Format Version 12.00
# Visual Studio 2012
Project("{8BC9CEB8-8B4A-11D0-8D11-00A0C91BC942}") = "B", "B\B.vcxproj", "{EBF7025A-3EF3-497B-BF0C-41CB7183E5B4}"
EndProject
Global
	GlobalSection(SolutionConfigurationPlatforms) = preSolution
		Debug|Win32 = Debug|Win32
		Release|Win32 = Release|Win32
	EndGlobalSection
	GlobalSection(ProjectConfigurationPlatforms) = postSolution
		{EBF7025A-3EF3-497B-BF0C-41CB7183E5B4}.Debug|Win32.ActiveCfg = Debug|Win32
		{EBF7025A-3EF3-497B-BF0C-41CB7183E5B4}.Debug|Win32.Build.0 = Debug|Win32
		{EBF7025A-3EF3-497B-BF0C-41CB7183E5B4}.Release|Win32.ActiveCfg = Release|Win32
		{EBF7025A-3EF3-497B-BF0C-41CB7183E5B4}.Release|Win32.Build.0 = Release|Win32
	EndGlobalSection
	GlobalSection(SolutionProperties) = preSolution
		HideSolutionNode = FALSE
	EndGlobalSection
EndGlobal
