
Microsoft Visual Studio Solution File, Format Version 12.00
# Visual Studio 2012
Project("{8BC9CEB8-8B4A-11D0-8D11-00A0C91BC942}") = "1127", "1127\1127.vcxproj", "{84BE47F9-8706-44EF-B842-1C5F4E06B27B}"
EndProject
Global
	GlobalSection(SolutionConfigurationPlatforms) = preSolution
		Debug|Win32 = Debug|Win32
		Release|Win32 = Release|Win32
	EndGlobalSection
	GlobalSection(ProjectConfigurationPlatforms) = postSolution
		{84BE47F9-8706-44EF-B842-1C5F4E06B27B}.Debug|Win32.ActiveCfg = Debug|Win32
		{84BE47F9-8706-44EF-B842-1C5F4E06B27B}.Debug|Win32.Build.0 = Debug|Win32
		{84BE47F9-8706-44EF-B842-1C5F4E06B27B}.Release|Win32.ActiveCfg = Release|Win32
		{84BE47F9-8706-44EF-B842-1C5F4E06B27B}.Release|Win32.Build.0 = Release|Win32
	EndGlobalSection
	GlobalSection(SolutionProperties) = preSolution
		HideSolutionNode = FALSE
	EndGlobalSection
EndGlobal
