
Microsoft Visual Studio Solution File, Format Version 12.00
# Visual Studio 2012
Project("{8BC9CEB8-8B4A-11D0-8D11-00A0C91BC942}") = "1059", "1059\1059.vcxproj", "{1012D180-661C-4AF8-9A03-478612F12A1F}"
EndProject
Global
	GlobalSection(SolutionConfigurationPlatforms) = preSolution
		Debug|Win32 = Debug|Win32
		Release|Win32 = Release|Win32
	EndGlobalSection
	GlobalSection(ProjectConfigurationPlatforms) = postSolution
		{1012D180-661C-4AF8-9A03-478612F12A1F}.Debug|Win32.ActiveCfg = Debug|Win32
		{1012D180-661C-4AF8-9A03-478612F12A1F}.Debug|Win32.Build.0 = Debug|Win32
		{1012D180-661C-4AF8-9A03-478612F12A1F}.Release|Win32.ActiveCfg = Release|Win32
		{1012D180-661C-4AF8-9A03-478612F12A1F}.Release|Win32.Build.0 = Release|Win32
	EndGlobalSection
	GlobalSection(SolutionProperties) = preSolution
		HideSolutionNode = FALSE
	EndGlobalSection
EndGlobal
