
Microsoft Visual Studio Solution File, Format Version 12.00
# Visual Studio 2012
Project("{8BC9CEB8-8B4A-11D0-8D11-00A0C91BC942}") = "1123", "1123\1123.vcxproj", "{8812A75D-FBA1-4254-A89F-036ABCAFCAAA}"
EndProject
Global
	GlobalSection(SolutionConfigurationPlatforms) = preSolution
		Debug|Win32 = Debug|Win32
		Release|Win32 = Release|Win32
	EndGlobalSection
	GlobalSection(ProjectConfigurationPlatforms) = postSolution
		{8812A75D-FBA1-4254-A89F-036ABCAFCAAA}.Debug|Win32.ActiveCfg = Debug|Win32
		{8812A75D-FBA1-4254-A89F-036ABCAFCAAA}.Debug|Win32.Build.0 = Debug|Win32
		{8812A75D-FBA1-4254-A89F-036ABCAFCAAA}.Release|Win32.ActiveCfg = Release|Win32
		{8812A75D-FBA1-4254-A89F-036ABCAFCAAA}.Release|Win32.Build.0 = Release|Win32
	EndGlobalSection
	GlobalSection(SolutionProperties) = preSolution
		HideSolutionNode = FALSE
	EndGlobalSection
EndGlobal
