
Microsoft Visual Studio Solution File, Format Version 12.00
# Visual Studio 2012
Project("{8BC9CEB8-8B4A-11D0-8D11-00A0C91BC942}") = "ConsoleApplication2", "ConsoleApplication2\ConsoleApplication2.vcxproj", "{FADD5D36-D9C4-454A-9FD6-69031B9ED636}"
EndProject
Global
	GlobalSection(SolutionConfigurationPlatforms) = preSolution
		Debug|Win32 = Debug|Win32
		Release|Win32 = Release|Win32
	EndGlobalSection
	GlobalSection(ProjectConfigurationPlatforms) = postSolution
		{FADD5D36-D9C4-454A-9FD6-69031B9ED636}.Debug|Win32.ActiveCfg = Debug|Win32
		{FADD5D36-D9C4-454A-9FD6-69031B9ED636}.Debug|Win32.Build.0 = Debug|Win32
		{FADD5D36-D9C4-454A-9FD6-69031B9ED636}.Release|Win32.ActiveCfg = Release|Win32
		{FADD5D36-D9C4-454A-9FD6-69031B9ED636}.Release|Win32.Build.0 = Release|Win32
	EndGlobalSection
	GlobalSection(SolutionProperties) = preSolution
		HideSolutionNode = FALSE
	EndGlobalSection
EndGlobal
