
Microsoft Visual Studio Solution File, Format Version 12.00
# Visual Studio 2012
Project("{8BC9CEB8-8B4A-11D0-8D11-00A0C91BC942}") = "1003", "1003\1003.vcxproj", "{F02DD52C-D235-4115-BC2F-846623A4227F}"
EndProject
Global
	GlobalSection(SolutionConfigurationPlatforms) = preSolution
		Debug|Win32 = Debug|Win32
		Release|Win32 = Release|Win32
	EndGlobalSection
	GlobalSection(ProjectConfigurationPlatforms) = postSolution
		{F02DD52C-D235-4115-BC2F-846623A4227F}.Debug|Win32.ActiveCfg = Debug|Win32
		{F02DD52C-D235-4115-BC2F-846623A4227F}.Debug|Win32.Build.0 = Debug|Win32
		{F02DD52C-D235-4115-BC2F-846623A4227F}.Release|Win32.ActiveCfg = Release|Win32
		{F02DD52C-D235-4115-BC2F-846623A4227F}.Release|Win32.Build.0 = Release|Win32
	EndGlobalSection
	GlobalSection(SolutionProperties) = preSolution
		HideSolutionNode = FALSE
	EndGlobalSection
EndGlobal
